// !$*UTF8*$!
{
	archiveVersion = 1;
	classes = {
	};
	objectVersion = 56;
	objects = {

/* Begin PBXBuildFile section */
		869D6FBB2A88F57300D0C27C /* AppDelegate.swift in Sources */ = {isa = PBXBuildFile; fileRef = 869D6FBA2A88F57300D0C27C /* AppDelegate.swift */; };
		869D6FBD2A88F57300D0C27C /* SceneDelegate.swift in Sources */ = {isa = PBXBuildFile; fileRef = 869D6FBC2A88F57300D0C27C /* SceneDelegate.swift */; };
		869D6FC52A88F57300D0C27C /* Coredata.xcdatamodeld in Sources */ = {isa = PBXBuildFile; fileRef = 869D6FC32A88F57300D0C27C /* Coredata.xcdatamodeld */; };
		869D6FC72A88F57500D0C27C /* Assets.xcassets in Resources */ = {isa = PBXBuildFile; fileRef = 869D6FC62A88F57500D0C27C /* Assets.xcassets */; };
		869D6FCA2A88F57500D0C27C /* LaunchScreen.storyboard in Resources */ = {isa = PBXBuildFile; fileRef = 869D6FC82A88F57500D0C27C /* LaunchScreen.storyboard */; };
		869D6FD52A88F57500D0C27C /* CoredataTests.swift in Sources */ = {isa = PBXBuildFile; fileRef = 869D6FD42A88F57500D0C27C /* CoredataTests.swift */; };
		869D6FDF2A88F57500D0C27C /* CoredataUITests.swift in Sources */ = {isa = PBXBuildFile; fileRef = 869D6FDE2A88F57500D0C27C /* CoredataUITests.swift */; };
		869D6FE12A88F57500D0C27C /* CoredataUITestsLaunchTests.swift in Sources */ = {isa = PBXBuildFile; fileRef = 869D6FE02A88F57500D0C27C /* CoredataUITestsLaunchTests.swift */; };
		869D6FFA2A88F6BD00D0C27C /* DatabaseManger.swift in Sources */ = {isa = PBXBuildFile; fileRef = 869D6FF92A88F6BD00D0C27C /* DatabaseManger.swift */; };
		869D6FFC2A88F76500D0C27C /* UserModel.swift in Sources */ = {isa = PBXBuildFile; fileRef = 869D6FFB2A88F76500D0C27C /* UserModel.swift */; };
		869D70022A88F7BD00D0C27C /* RegistrationViewController.swift in Sources */ = {isa = PBXBuildFile; fileRef = 869D70012A88F7BD00D0C27C /* RegistrationViewController.swift */; };
		869D70042A88F80400D0C27C /* UserListViewController.swift in Sources */ = {isa = PBXBuildFile; fileRef = 869D70032A88F80400D0C27C /* UserListViewController.swift */; };
		869D70072A88F86700D0C27C /* Main.storyboard in Resources */ = {isa = PBXBuildFile; fileRef = 869D70052A88F86700D0C27C /* Main.storyboard */; };
		869D700A2A88F88F00D0C27C /* UserCell.swift in Sources */ = {isa = PBXBuildFile; fileRef = 869D70082A88F88F00D0C27C /* UserCell.swift */; };
		869D700D2A88F8A800D0C27C /* Usercell.xib in Resources */ = {isa = PBXBuildFile; fileRef = 869D700C2A88F8A800D0C27C /* Usercell.xib */; };
/* End PBXBuildFile section */

/* Begin PBXContainerItemProxy section */
		869D6FD12A88F57500D0C27C /* PBXContainerItemProxy */ = {
			isa = PBXContainerItemProxy;
			containerPortal = 869D6FAF2A88F57300D0C27C /* Project object */;
			proxyType = 1;
			remoteGlobalIDString = 869D6FB62A88F57300D0C27C;
			remoteInfo = Coredata;
		};
		869D6FDB2A88F57500D0C27C /* PBXContainerItemProxy */ = {
			isa = PBXContainerItemProxy;
			containerPortal = 869D6FAF2A88F57300D0C27C /* Project object */;
			proxyType = 1;
			remoteGlobalIDString = 869D6FB62A88F57300D0C27C;
			remoteInfo = Coredata;
		};
/* End PBXContainerItemProxy section */

/* Begin PBXFileReference section */
		869D6FB72A88F57300D0C27C /* Coredata.app */ = {isa = PBXFileReference; explicitFileType = wrapper.application; includeInIndex = 0; path = Coredata.app; sourceTree = BUILT_PRODUCTS_DIR; };
		869D6FBA2A88F57300D0C27C /* AppDelegate.swift */ = {isa = PBXFileReference; lastKnownFileType = sourcecode.swift; path = AppDelegate.swift; sourceTree = "<group>"; };
		869D6FBC2A88F57300D0C27C /* SceneDelegate.swift */ = {isa = PBXFileReference; lastKnownFileType = sourcecode.swift; path = SceneDelegate.swift; sourceTree = "<group>"; };
		869D6FC42A88F57300D0C27C /* Coredata.xcdatamodel */ = {isa = PBXFileReference; lastKnownFileType = wrapper.xcdatamodel; path = Coredata.xcdatamodel; sourceTree = "<group>"; };
		869D6FC62A88F57500D0C27C /* Assets.xcassets */ = {isa = PBXFileReference; lastKnownFileType = folder.assetcatalog; path = Assets.xcassets; sourceTree = "<group>"; };
		869D6FC92A88F57500D0C27C /* Base */ = {isa = PBXFileReference; lastKnownFileType = file.storyboard; name = Base; path = Base.lproj/LaunchScreen.storyboard; sourceTree = "<group>"; };
		869D6FCB2A88F57500D0C27C /* Info.plist */ = {isa = PBXFileReference; lastKnownFileType = text.plist.xml; path = Info.plist; sourceTree = "<group>"; };
		869D6FD02A88F57500D0C27C /* CoredataTests.xctest */ = {isa = PBXFileReference; explicitFileType = wrapper.cfbundle; includeInIndex = 0; path = CoredataTests.xctest; sourceTree = BUILT_PRODUCTS_DIR; };
		869D6FD42A88F57500D0C27C /* CoredataTests.swift */ = {isa = PBXFileReference; lastKnownFileType = sourcecode.swift; path = CoredataTests.swift; sourceTree = "<group>"; };
		869D6FDA2A88F57500D0C27C /* CoredataUITests.xctest */ = {isa = PBXFileReference; explicitFileType = wrapper.cfbundle; includeInIndex = 0; path = CoredataUITests.xctest; sourceTree = BUILT_PRODUCTS_DIR; };
		869D6FDE2A88F57500D0C27C /* CoredataUITests.swift */ = {isa = PBXFileReference; lastKnownFileType = sourcecode.swift; path = CoredataUITests.swift; sourceTree = "<group>"; };
		869D6FE02A88F57500D0C27C /* CoredataUITestsLaunchTests.swift */ = {isa = PBXFileReference; lastKnownFileType = sourcecode.swift; path = CoredataUITestsLaunchTests.swift; sourceTree = "<group>"; };
		869D6FF92A88F6BD00D0C27C /* DatabaseManger.swift */ = {isa = PBXFileReference; lastKnownFileType = sourcecode.swift; path = DatabaseManger.swift; sourceTree = "<group>"; };
		869D6FFB2A88F76500D0C27C /* UserModel.swift */ = {isa = PBXFileReference; lastKnownFileType = sourcecode.swift; path = UserModel.swift; sourceTree = "<group>"; };
		869D70012A88F7BD00D0C27C /* RegistrationViewController.swift */ = {isa = PBXFileReference; lastKnownFileType = sourcecode.swift; path = RegistrationViewController.swift; sourceTree = "<group>"; };
		869D70032A88F80400D0C27C /* UserListViewController.swift */ = {isa = PBXFileReference; lastKnownFileType = sourcecode.swift; path = UserListViewController.swift; sourceTree = "<group>"; };
		869D70062A88F86700D0C27C /* Base */ = {isa = PBXFileReference; lastKnownFileType = file.storyboard; name = Base; path = ../../Documents/Swift/UserCoredata/UserCoredata/Base.lproj/Main.storyboard; sourceTree = "<group>"; };
		869D70082A88F88F00D0C27C /* UserCell.swift */ = {isa = PBXFileReference; lastKnownFileType = sourcecode.swift; path = UserCell.swift; sourceTree = "<group>"; };
		869D700C2A88F8A800D0C27C /* Usercell.xib */ = {isa = PBXFileReference; fileEncoding = 4; lastKnownFileType = file.xib; name = Usercell.xib; path = ../../../../../../Documents/Swift/UserCoredata/UserCoredata/UI/UserList/cell/TableViewCell/Usercell.xib; sourceTree = "<group>"; };
/* End PBXFileReference section */

/* Begin PBXFrameworksBuildPhase section */
		869D6FB42A88F57300D0C27C /* Frameworks */ = {
			isa = PBXFrameworksBuildPhase;
			buildActionMask = 2147483647;
			files = (
			);
			runOnlyForDeploymentPostprocessing = 0;
		};
		869D6FCD2A88F57500D0C27C /* Frameworks */ = {
			isa = PBXFrameworksBuildPhase;
			buildActionMask = 2147483647;
			files = (
			);
			runOnlyForDeploymentPostprocessing = 0;
		};
		869D6FD72A88F57500D0C27C /* Frameworks */ = {
			isa = PBXFrameworksBuildPhase;
			buildActionMask = 2147483647;
			files = (
			);
			runOnlyForDeploymentPostprocessing = 0;
		};
/* End PBXFrameworksBuildPhase section */

/* Begin PBXGroup section */
		869D6FAE2A88F57300D0C27C = {
			isa = PBXGroup;
			children = (
				869D6FB92A88F57300D0C27C /* Coredata */,
				869D6FD32A88F57500D0C27C /* CoredataTests */,
				869D6FDD2A88F57500D0C27C /* CoredataUITests */,
				869D6FB82A88F57300D0C27C /* Products */,
			);
			sourceTree = "<group>";
		};
		869D6FB82A88F57300D0C27C /* Products */ = {
			isa = PBXGroup;
			children = (
				869D6FB72A88F57300D0C27C /* Coredata.app */,
				869D6FD02A88F57500D0C27C /* CoredataTests.xctest */,
				869D6FDA2A88F57500D0C27C /* CoredataUITests.xctest */,
			);
			name = Products;
			sourceTree = "<group>";
		};
		869D6FB92A88F57300D0C27C /* Coredata */ = {
			isa = PBXGroup;
			children = (
				869D6FED2A88F58A00D0C27C /* Helpers */,
				869D6FF02A88F5A700D0C27C /* Model */,
				869D6FF82A88F66200D0C27C /* Viewmodel */,
				869D6FEF2A88F5A000D0C27C /* UI */,
				869D6FF32A88F5C900D0C27C /* Storyboard */,
				869D6FEE2A88F59400D0C27C /* AppDelegate */,
				869D6FF22A88F5BE00D0C27C /* SourceFile */,
				869D6FF12A88F5B200D0C27C /* Assets */,
			);
			path = Coredata;
			sourceTree = "<group>";
		};
		869D6FD32A88F57500D0C27C /* CoredataTests */ = {
			isa = PBXGroup;
			children = (
				869D6FD42A88F57500D0C27C /* CoredataTests.swift */,
			);
			path = CoredataTests;
			sourceTree = "<group>";
		};
		869D6FDD2A88F57500D0C27C /* CoredataUITests */ = {
			isa = PBXGroup;
			children = (
				869D6FDE2A88F57500D0C27C /* CoredataUITests.swift */,
				869D6FE02A88F57500D0C27C /* CoredataUITestsLaunchTests.swift */,
			);
			path = CoredataUITests;
			sourceTree = "<group>";
		};
		869D6FED2A88F58A00D0C27C /* Helpers */ = {
			isa = PBXGroup;
			children = (
				869D6FC32A88F57300D0C27C /* Coredata.xcdatamodeld */,
				869D6FF92A88F6BD00D0C27C /* DatabaseManger.swift */,
			);
			path = Helpers;
			sourceTree = "<group>";
		};
		869D6FEE2A88F59400D0C27C /* AppDelegate */ = {
			isa = PBXGroup;
			children = (
				869D6FBA2A88F57300D0C27C /* AppDelegate.swift */,
				869D6FBC2A88F57300D0C27C /* SceneDelegate.swift */,
			);
			path = AppDelegate;
			sourceTree = "<group>";
		};
		869D6FEF2A88F5A000D0C27C /* UI */ = {
			isa = PBXGroup;
			children = (
				869D6FF42A88F61D00D0C27C /* UserList */,
				869D6FF52A88F62B00D0C27C /* Registraion */,
			);
			path = UI;
			sourceTree = "<group>";
		};
		869D6FF02A88F5A700D0C27C /* Model */ = {
			isa = PBXGroup;
			children = (
				869D6FFB2A88F76500D0C27C /* UserModel.swift */,
			);
			path = Model;
			sourceTree = "<group>";
		};
		869D6FF12A88F5B200D0C27C /* Assets */ = {
			isa = PBXGroup;
			children = (
				869D6FC62A88F57500D0C27C /* Assets.xcassets */,
			);
			path = Assets;
			sourceTree = "<group>";
		};
		869D6FF22A88F5BE00D0C27C /* SourceFile */ = {
			isa = PBXGroup;
			children = (
				869D6FCB2A88F57500D0C27C /* Info.plist */,
			);
			name = SourceFile;
			sourceTree = "<group>";
		};
		869D6FF32A88F5C900D0C27C /* Storyboard */ = {
			isa = PBXGroup;
			children = (
				869D70052A88F86700D0C27C /* Main.storyboard */,
				869D6FC82A88F57500D0C27C /* LaunchScreen.storyboard */,
			);
			name = Storyboard;
			sourceTree = "<group>";
		};
		869D6FF42A88F61D00D0C27C /* UserList */ = {
			isa = PBXGroup;
			children = (
				869D6FF62A88F63600D0C27C /* Cells */,
				869D6FFD2A88F78000D0C27C /* View */,
			);
			path = UserList;
			sourceTree = "<group>";
		};
		869D6FF52A88F62B00D0C27C /* Registraion */ = {
			isa = PBXGroup;
			children = (
				869D70002A88F7A200D0C27C /* View */,
			);
			path = Registraion;
			sourceTree = "<group>";
		};
		869D6FF62A88F63600D0C27C /* Cells */ = {
			isa = PBXGroup;
			children = (
				869D6FF72A88F63D00D0C27C /* Tableviewcell */,
			);
			path = Cells;
			sourceTree = "<group>";
		};
		869D6FF72A88F63D00D0C27C /* Tableviewcell */ = {
			isa = PBXGroup;
			children = (
				869D70082A88F88F00D0C27C /* UserCell.swift */,
				869D700C2A88F8A800D0C27C /* Usercell.xib */,
			);
			path = Tableviewcell;
			sourceTree = "<group>";
		};
		869D6FF82A88F66200D0C27C /* Viewmodel */ = {
			isa = PBXGroup;
			children = (
			);
			path = Viewmodel;
			sourceTree = "<group>";
		};
		869D6FFD2A88F78000D0C27C /* View */ = {
			isa = PBXGroup;
			children = (
				869D70032A88F80400D0C27C /* UserListViewController.swift */,
			);
			path = View;
			sourceTree = "<group>";
		};
		869D70002A88F7A200D0C27C /* View */ = {
			isa = PBXGroup;
			children = (
				869D70012A88F7BD00D0C27C /* RegistrationViewController.swift */,
			);
			path = View;
			sourceTree = "<group>";
		};
/* End PBXGroup section */

/* Begin PBXNativeTarget section */
		869D6FB62A88F57300D0C27C /* Coredata */ = {
			isa = PBXNativeTarget;
			buildConfigurationList = 869D6FE42A88F57500D0C27C /* Build configuration list for PBXNativeTarget "Coredata" */;
			buildPhases = (
				869D6FB32A88F57300D0C27C /* Sources */,
				869D6FB42A88F57300D0C27C /* Frameworks */,
				869D6FB52A88F57300D0C27C /* Resources */,
			);
			buildRules = (
			);
			dependencies = (
			);
			name = Coredata;
			productName = Coredata;
			productReference = 869D6FB72A88F57300D0C27C /* Coredata.app */;
			productType = "com.apple.product-type.application";
		};
		869D6FCF2A88F57500D0C27C /* CoredataTests */ = {
			isa = PBXNativeTarget;
			buildConfigurationList = 869D6FE72A88F57500D0C27C /* Build configuration list for PBXNativeTarget "CoredataTests" */;
			buildPhases = (
				869D6FCC2A88F57500D0C27C /* Sources */,
				869D6FCD2A88F57500D0C27C /* Frameworks */,
				869D6FCE2A88F57500D0C27C /* Resources */,
			);
			buildRules = (
			);
			dependencies = (
				869D6FD22A88F57500D0C27C /* PBXTargetDependency */,
			);
			name = CoredataTests;
			productName = CoredataTests;
			productReference = 869D6FD02A88F57500D0C27C /* CoredataTests.xctest */;
			productType = "com.apple.product-type.bundle.unit-test";
		};
		869D6FD92A88F57500D0C27C /* CoredataUITests */ = {
			isa = PBXNativeTarget;
			buildConfigurationList = 869D6FEA2A88F57500D0C27C /* Build configuration list for PBXNativeTarget "CoredataUITests" */;
			buildPhases = (
				869D6FD62A88F57500D0C27C /* Sources */,
				869D6FD72A88F57500D0C27C /* Frameworks */,
				869D6FD82A88F57500D0C27C /* Resources */,
			);
			buildRules = (
			);
			dependencies = (
				869D6FDC2A88F57500D0C27C /* PBXTargetDependency */,
			);
			name = CoredataUITests;
			productName = CoredataUITests;
			productReference = 869D6FDA2A88F57500D0C27C /* CoredataUITests.xctest */;
			productType = "com.apple.product-type.bundle.ui-testing";
		};
/* End PBXNativeTarget section */

/* Begin PBXProject section */
		869D6FAF2A88F57300D0C27C /* Project object */ = {
			isa = PBXProject;
			attributes = {
				BuildIndependentTargetsInParallel = 1;
				LastSwiftUpdateCheck = 1420;
				LastUpgradeCheck = 1420;
				TargetAttributes = {
					869D6FB62A88F57300D0C27C = {
						CreatedOnToolsVersion = 14.2;
					};
					869D6FCF2A88F57500D0C27C = {
						CreatedOnToolsVersion = 14.2;
						TestTargetID = 869D6FB62A88F57300D0C27C;
					};
					869D6FD92A88F57500D0C27C = {
						CreatedOnToolsVersion = 14.2;
						TestTargetID = 869D6FB62A88F57300D0C27C;
					};
				};
			};
			buildConfigurationList = 869D6FB22A88F57300D0C27C /* Build configuration list for PBXProject "Coredata" */;
			compatibilityVersion = "Xcode 14.0";
			developmentRegion = en;
			hasScannedForEncodings = 0;
			knownRegions = (
				en,
				Base,
			);
			mainGroup = 869D6FAE2A88F57300D0C27C;
			productRefGroup = 869D6FB82A88F57300D0C27C /* Products */;
			projectDirPath = "";
			projectRoot = "";
			targets = (
				869D6FB62A88F57300D0C27C /* Coredata */,
				869D6FCF2A88F57500D0C27C /* CoredataTests */,
				869D6FD92A88F57500D0C27C /* CoredataUITests */,
			);
		};
/* End PBXProject section */

/* Begin PBXResourcesBuildPhase section */
		869D6FB52A88F57300D0C27C /* Resources */ = {
			isa = PBXResourcesBuildPhase;
			buildActionMask = 2147483647;
			files = (
				869D700D2A88F8A800D0C27C /* Usercell.xib in Resources */,
				869D70072A88F86700D0C27C /* Main.storyboard in Resources */,
				869D6FCA2A88F57500D0C27C /* LaunchScreen.storyboard in Resources */,
				869D6FC72A88F57500D0C27C /* Assets.xcassets in Resources */,
			);
			runOnlyForDeploymentPostprocessing = 0;
		};
		869D6FCE2A88F57500D0C27C /* Resources */ = {
			isa = PBXResourcesBuildPhase;
			buildActionMask = 2147483647;
			files = (
			);
			runOnlyForDeploymentPostprocessing = 0;
		};
		869D6FD82A88F57500D0C27C /* Resources */ = {
			isa = PBXResourcesBuildPhase;
			buildActionMask = 2147483647;
			files = (
			);
			runOnlyForDeploymentPostprocessing = 0;
		};
/* End PBXResourcesBuildPhase section */

/* Begin PBXSourcesBuildPhase section */
		869D6FB32A88F57300D0C27C /* Sources */ = {
			isa = PBXSourcesBuildPhase;
			buildActionMask = 2147483647;
			files = (
				869D6FC52A88F57300D0C27C /* Coredata.xcdatamodeld in Sources */,
				869D70042A88F80400D0C27C /* UserListViewController.swift in Sources */,
				869D70022A88F7BD00D0C27C /* RegistrationViewController.swift in Sources */,
				869D6FFA2A88F6BD00D0C27C /* DatabaseManger.swift in Sources */,
				869D700A2A88F88F00D0C27C /* UserCell.swift in Sources */,
				869D6FBB2A88F57300D0C27C /* AppDelegate.swift in Sources */,
				869D6FFC2A88F76500D0C27C /* UserModel.swift in Sources */,
				869D6FBD2A88F57300D0C27C /* SceneDelegate.swift in Sources */,
			);
			runOnlyForDeploymentPostprocessing = 0;
		};
		869D6FCC2A88F57500D0C27C /* Sources */ = {
			isa = PBXSourcesBuildPhase;
			buildActionMask = 2147483647;
			files = (
				869D6FD52A88F57500D0C27C /* CoredataTests.swift in Sources */,
			);
			runOnlyForDeploymentPostprocessing = 0;
		};
		869D6FD62A88F57500D0C27C /* Sources */ = {
			isa = PBXSourcesBuildPhase;
			buildActionMask = 2147483647;
			files = (
				869D6FE12A88F57500D0C27C /* CoredataUITestsLaunchTests.swift in Sources */,
				869D6FDF2A88F57500D0C27C /* CoredataUITests.swift in Sources */,
			);
			runOnlyForDeploymentPostprocessing = 0;
		};
/* End PBXSourcesBuildPhase section */

/* Begin PBXTargetDependency section */
		869D6FD22A88F57500D0C27C /* PBXTargetDependency */ = {
			isa = PBXTargetDependency;
			target = 869D6FB62A88F57300D0C27C /* Coredata */;
			targetProxy = 869D6FD12A88F57500D0C27C /* PBXContainerItemProxy */;
		};
		869D6FDC2A88F57500D0C27C /* PBXTargetDependency */ = {
			isa = PBXTargetDependency;
			target = 869D6FB62A88F57300D0C27C /* Coredata */;
			targetProxy = 869D6FDB2A88F57500D0C27C /* PBXContainerItemProxy */;
		};
/* End PBXTargetDependency section */

/* Begin PBXVariantGroup section */
		869D6FC82A88F57500D0C27C /* LaunchScreen.storyboard */ = {
			isa = PBXVariantGroup;
			children = (
				869D6FC92A88F57500D0C27C /* Base */,
			);
			name = LaunchScreen.storyboard;
			sourceTree = "<group>";
		};
		869D70052A88F86700D0C27C /* Main.storyboard */ = {
			isa = PBXVariantGroup;
			children = (
				869D70062A88F86700D0C27C /* Base */,
			);
			name = Main.storyboard;
			sourceTree = "<group>";
		};
/* End PBXVariantGroup section */

/* Begin XCBuildConfiguration section */
		869D6FE22A88F57500D0C27C /* Debug */ = {
			isa = XCBuildConfiguration;
			buildSettings = {
				ALWAYS_SEARCH_USER_PATHS = NO;
				CLANG_ANALYZER_NONNULL = YES;
				CLANG_ANALYZER_NUMBER_OBJECT_CONVERSION = YES_AGGRESSIVE;
				CLANG_CXX_LANGUAGE_STANDARD = "gnu++20";
				CLANG_ENABLE_MODULES = YES;
				CLANG_ENABLE_OBJC_ARC = YES;
				CLANG_ENABLE_OBJC_WEAK = YES;
				CLANG_WARN_BLOCK_CAPTURE_AUTORELEASING = YES;
				CLANG_WARN_BOOL_CONVERSION = YES;
				CLANG_WARN_COMMA = YES;
				CLANG_WARN_CONSTANT_CONVERSION = YES;
				CLANG_WARN_DEPRECATED_OBJC_IMPLEMENTATIONS = YES;
				CLANG_WARN_DIRECT_OBJC_ISA_USAGE = YES_ERROR;
				CLANG_WARN_DOCUMENTATION_COMMENTS = YES;
				CLANG_WARN_EMPTY_BODY = YES;
				CLANG_WARN_ENUM_CONVERSION = YES;
				CLANG_WARN_INFINITE_RECURSION = YES;
				CLANG_WARN_INT_CONVERSION = YES;
				CLANG_WARN_NON_LITERAL_NULL_CONVERSION = YES;
				CLANG_WARN_OBJC_IMPLICIT_RETAIN_SELF = YES;
				CLANG_WARN_OBJC_LITERAL_CONVERSION = YES;
				CLANG_WARN_OBJC_ROOT_CLASS = YES_ERROR;
				CLANG_WARN_QUOTED_INCLUDE_IN_FRAMEWORK_HEADER = YES;
				CLANG_WARN_RANGE_LOOP_ANALYSIS = YES;
				CLANG_WARN_STRICT_PROTOTYPES = YES;
				CLANG_WARN_SUSPICIOUS_MOVE = YES;
				CLANG_WARN_UNGUARDED_AVAILABILITY = YES_AGGRESSIVE;
				CLANG_WARN_UNREACHABLE_CODE = YES;
				CLANG_WARN__DUPLICATE_METHOD_MATCH = YES;
				COPY_PHASE_STRIP = NO;
				DEBUG_INFORMATION_FORMAT = dwarf;
				ENABLE_STRICT_OBJC_MSGSEND = YES;
				ENABLE_TESTABILITY = YES;
				GCC_C_LANGUAGE_STANDARD = gnu11;
				GCC_DYNAMIC_NO_PIC = NO;
				GCC_NO_COMMON_BLOCKS = YES;
				GCC_OPTIMIZATION_LEVEL = 0;
				GCC_PREPROCESSOR_DEFINITIONS = (
					"DEBUG=1",
					"$(inherited)",
				);
				GCC_WARN_64_TO_32_BIT_CONVERSION = YES;
				GCC_WARN_ABOUT_RETURN_TYPE = YES_ERROR;
				GCC_WARN_UNDECLARED_SELECTOR = YES;
				GCC_WARN_UNINITIALIZED_AUTOS = YES_AGGRESSIVE;
				GCC_WARN_UNUSED_FUNCTION = YES;
				GCC_WARN_UNUSED_VARIABLE = YES;
				IPHONEOS_DEPLOYMENT_TARGET = 16.2;
				MTL_ENABLE_DEBUG_INFO = INCLUDE_SOURCE;
				MTL_FAST_MATH = YES;
				ONLY_ACTIVE_ARCH = YES;
				SDKROOT = iphoneos;
				SWIFT_ACTIVE_COMPILATION_CONDITIONS = DEBUG;
				SWIFT_OPTIMIZATION_LEVEL = "-Onone";
			};
			name = Debug;
		};
		869D6FE32A88F57500D0C27C /* Release */ = {
			isa = XCBuildConfiguration;
			buildSettings = {
				ALWAYS_SEARCH_USER_PATHS = NO;
				CLANG_ANALYZER_NONNULL = YES;
				CLANG_ANALYZER_NUMBER_OBJECT_CONVERSION = YES_AGGRESSIVE;
				CLANG_CXX_LANGUAGE_STANDARD = "gnu++20";
				CLANG_ENABLE_MODULES = YES;
				CLANG_ENABLE_OBJC_ARC = YES;
				CLANG_ENABLE_OBJC_WEAK = YES;
				CLANG_WARN_BLOCK_CAPTURE_AUTORELEASING = YES;
				CLANG_WARN_BOOL_CONVERSION = YES;
				CLANG_WARN_COMMA = YES;
				CLANG_WARN_CONSTANT_CONVERSION = YES;
				CLANG_WARN_DEPRECATED_OBJC_IMPLEMENTATIONS = YES;
				CLANG_WARN_DIRECT_OBJC_ISA_USAGE = YES_ERROR;
				CLANG_WARN_DOCUMENTATION_COMMENTS = YES;
				CLANG_WARN_EMPTY_BODY = YES;
				CLANG_WARN_ENUM_CONVERSION = YES;
				CLANG_WARN_INFINITE_RECURSION = YES;
				CLANG_WARN_INT_CONVERSION = YES;
				CLANG_WARN_NON_LITERAL_NULL_CONVERSION = YES;
				CLANG_WARN_OBJC_IMPLICIT_RETAIN_SELF = YES;
				CLANG_WARN_OBJC_LITERAL_CONVERSION = YES;
				CLANG_WARN_OBJC_ROOT_CLASS = YES_ERROR;
				CLANG_WARN_QUOTED_INCLUDE_IN_FRAMEWORK_HEADER = YES;
				CLANG_WARN_RANGE_LOOP_ANALYSIS = YES;
				CLANG_WARN_STRICT_PROTOTYPES = YES;
				CLANG_WARN_SUSPICIOUS_MOVE = YES;
				CLANG_WARN_UNGUARDED_AVAILABILITY = YES_AGGRESSIVE;
				CLANG_WARN_UNREACHABLE_CODE = YES;
				CLANG_WARN__DUPLICATE_METHOD_MATCH = YES;
				COPY_PHASE_STRIP = NO;
				DEBUG_INFORMATION_FORMAT = "dwarf-with-dsym";
				ENABLE_NS_ASSERTIONS = NO;
				ENABLE_STRICT_OBJC_MSGSEND = YES;
				GCC_C_LANGUAGE_STANDARD = gnu11;
				GCC_NO_COMMON_BLOCKS = YES;
				GCC_WARN_64_TO_32_BIT_CONVERSION = YES;
				GCC_WARN_ABOUT_RETURN_TYPE = YES_ERROR;
				GCC_WARN_UNDECLARED_SELECTOR = YES;
				GCC_WARN_UNINITIALIZED_AUTOS = YES_AGGRESSIVE;
				GCC_WARN_UNUSED_FUNCTION = YES;
				GCC_WARN_UNUSED_VARIABLE = YES;
				IPHONEOS_DEPLOYMENT_TARGET = 16.2;
				MTL_ENABLE_DEBUG_INFO = NO;
				MTL_FAST_MATH = YES;
				SDKROOT = iphoneos;
				SWIFT_COMPILATION_MODE = wholemodule;
				SWIFT_OPTIMIZATION_LEVEL = "-O";
				VALIDATE_PRODUCT = YES;
			};
			name = Release;
		};
		869D6FE52A88F57500D0C27C /* Debug */ = {
			isa = XCBuildConfiguration;
			buildSettings = {
				ASSETCATALOG_COMPILER_APPICON_NAME = AppIcon;
				ASSETCATALOG_COMPILER_GLOBAL_ACCENT_COLOR_NAME = AccentColor;
				CODE_SIGN_STYLE = Automatic;
				CURRENT_PROJECT_VERSION = 1;
				DEVELOPMENT_TEAM = 95N4T4W665;
				GENERATE_INFOPLIST_FILE = YES;
				INFOPLIST_FILE = Coredata/Info.plist;
				INFOPLIST_KEY_UIApplicationSupportsIndirectInputEvents = YES;
				INFOPLIST_KEY_UILaunchStoryboardName = LaunchScreen;
				INFOPLIST_KEY_UIMainStoryboardFile = Main;
				INFOPLIST_KEY_UISupportedInterfaceOrientations_iPad = "UIInterfaceOrientationPortrait UIInterfaceOrientationPortraitUpsideDown UIInterfaceOrientationLandscapeLeft UIInterfaceOrientationLandscapeRight";
				INFOPLIST_KEY_UISupportedInterfaceOrientations_iPhone = "UIInterfaceOrientationPortrait UIInterfaceOrientationLandscapeLeft UIInterfaceOrientationLandscapeRight";
				LD_RUNPATH_SEARCH_PATHS = (
					"$(inherited)",
					"@executable_path/Frameworks",
				);
				MARKETING_VERSION = 1.0;
				PRODUCT_BUNDLE_IDENTIFIER = com.mvcpattern.Coredata;
				PRODUCT_NAME = "$(TARGET_NAME)";
				SWIFT_EMIT_LOC_STRINGS = YES;
				SWIFT_VERSION = 5.0;
				TARGETED_DEVICE_FAMILY = "1,2";
			};
			name = Debug;
		};
		869D6FE62A88F57500D0C27C /* Release */ = {
			isa = XCBuildConfiguration;
			buildSettings = {
				ASSETCATALOG_COMPILER_APPICON_NAME = AppIcon;
				ASSETCATALOG_COMPILER_GLOBAL_ACCENT_COLOR_NAME = AccentColor;
				CODE_SIGN_STYLE = Automatic;
				CURRENT_PROJECT_VERSION = 1;
				DEVELOPMENT_TEAM = 95N4T4W665;
				GENERATE_INFOPLIST_FILE = YES;
				INFOPLIST_FILE = Coredata/Info.plist;
				INFOPLIST_KEY_UIApplicationSupportsIndirectInputEvents = YES;
				INFOPLIST_KEY_UILaunchStoryboardName = LaunchScreen;
				INFOPLIST_KEY_UIMainStoryboardFile = Main;
				INFOPLIST_KEY_UISupportedInterfaceOrientations_iPad = "UIInterfaceOrientationPortrait UIInterfaceOrientationPortraitUpsideDown UIInterfaceOrientationLandscapeLeft UIInterfaceOrientationLandscapeRight";
				INFOPLIST_KEY_UISupportedInterfaceOrientations_iPhone = "UIInterfaceOrientationPortrait UIInterfaceOrientationLandscapeLeft UIInterfaceOrientationLandscapeRight";
				LD_RUNPATH_SEARCH_PATHS = (
					"$(inherited)",
					"@executable_path/Frameworks",
				);
				MARKETING_VERSION = 1.0;
				PRODUCT_BUNDLE_IDENTIFIER = com.mvcpattern.Coredata;
				PRODUCT_NAME = "$(TARGET_NAME)";
				SWIFT_EMIT_LOC_STRINGS = YES;
				SWIFT_VERSION = 5.0;
				TARGETED_DEVICE_FAMILY = "1,2";
			};
			name = Release;
		};
		869D6FE82A88F57500D0C27C /* Debug */ = {
			isa = XCBuildConfiguration;
			buildSettings = {
				ALWAYS_EMBED_SWIFT_STANDARD_LIBRARIES = YES;
				BUNDLE_LOADER = "$(TEST_HOST)";
				CODE_SIGN_STYLE = Automatic;
				CURRENT_PROJECT_VERSION = 1;
				DEVELOPMENT_TEAM = 95N4T4W665;
				GENERATE_INFOPLIST_FILE = YES;
				IPHONEOS_DEPLOYMENT_TARGET = 16.2;
				MARKETING_VERSION = 1.0;
				PRODUCT_BUNDLE_IDENTIFIER = com.mvcpattern.CoredataTests;
				PRODUCT_NAME = "$(TARGET_NAME)";
				SWIFT_EMIT_LOC_STRINGS = NO;
				SWIFT_VERSION = 5.0;
				TARGETED_DEVICE_FAMILY = "1,2";
				TEST_HOST = "$(BUILT_PRODUCTS_DIR)/Coredata.app/$(BUNDLE_EXECUTABLE_FOLDER_PATH)/Coredata";
			};
			name = Debug;
		};
		869D6FE92A88F57500D0C27C /* Release */ = {
			isa = XCBuildConfiguration;
			buildSettings = {
				ALWAYS_EMBED_SWIFT_STANDARD_LIBRARIES = YES;
				BUNDLE_LOADER = "$(TEST_HOST)";
				CODE_SIGN_STYLE = Automatic;
				CURRENT_PROJECT_VERSION = 1;
				DEVELOPMENT_TEAM = 95N4T4W665;
				GENERATE_INFOPLIST_FILE = YES;
				IPHONEOS_DEPLOYMENT_TARGET = 16.2;
				MARKETING_VERSION = 1.0;
				PRODUCT_BUNDLE_IDENTIFIER = com.mvcpattern.CoredataTests;
				PRODUCT_NAME = "$(TARGET_NAME)";
				SWIFT_EMIT_LOC_STRINGS = NO;
				SWIFT_VERSION = 5.0;
				TARGETED_DEVICE_FAMILY = "1,2";
				TEST_HOST = "$(BUILT_PRODUCTS_DIR)/Coredata.app/$(BUNDLE_EXECUTABLE_FOLDER_PATH)/Coredata";
			};
			name = Release;
		};
		869D6FEB2A88F57500D0C27C /* Debug */ = {
			isa = XCBuildConfiguration;
			buildSettings = {
				ALWAYS_EMBED_SWIFT_STANDARD_LIBRARIES = YES;
				CODE_SIGN_STYLE = Automatic;
				CURRENT_PROJECT_VERSION = 1;
				DEVELOPMENT_TEAM = 95N4T4W665;
				GENERATE_INFOPLIST_FILE = YES;
				MARKETING_VERSION = 1.0;
				PRODUCT_BUNDLE_IDENTIFIER = com.mvcpattern.CoredataUITests;
				PRODUCT_NAME = "$(TARGET_NAME)";
				SWIFT_EMIT_LOC_STRINGS = NO;
				SWIFT_VERSION = 5.0;
				TARGETED_DEVICE_FAMILY = "1,2";
				TEST_TARGET_NAME = Coredata;
			};
			name = Debug;
		};
		869D6FEC2A88F57500D0C27C /* Release */ = {
			isa = XCBuildConfiguration;
			buildSettings = {
				ALWAYS_EMBED_SWIFT_STANDARD_LIBRARIES = YES;
				CODE_SIGN_STYLE = Automatic;
				CURRENT_PROJECT_VERSION = 1;
				DEVELOPMENT_TEAM = 95N4T4W665;
				GENERATE_INFOPLIST_FILE = YES;
				MARKETING_VERSION = 1.0;
				PRODUCT_BUNDLE_IDENTIFIER = com.mvcpattern.CoredataUITests;
				PRODUCT_NAME = "$(TARGET_NAME)";
				SWIFT_EMIT_LOC_STRINGS = NO;
				SWIFT_VERSION = 5.0;
				TARGETED_DEVICE_FAMILY = "1,2";
				TEST_TARGET_NAME = Coredata;
			};
			name = Release;
		};
/* End XCBuildConfiguration section */

/* Begin XCConfigurationList section */
		869D6FB22A88F57300D0C27C /* Build configuration list for PBXProject "Coredata" */ = {
			isa = XCConfigurationList;
			buildConfigurations = (
				869D6FE22A88F57500D0C27C /* Debug */,
				869D6FE32A88F57500D0C27C /* Release */,
			);
			defaultConfigurationIsVisible = 0;
			defaultConfigurationName = Release;
		};
		869D6FE42A88F57500D0C27C /* Build configuration list for PBXNativeTarget "Coredata" */ = {
			isa = XCConfigurationList;
			buildConfigurations = (
				869D6FE52A88F57500D0C27C /* Debug */,
				869D6FE62A88F57500D0C27C /* Release */,
			);
			defaultConfigurationIsVisible = 0;
			defaultConfigurationName = Release;
		};
		869D6FE72A88F57500D0C27C /* Build configuration list for PBXNativeTarget "CoredataTests" */ = {
			isa = XCConfigurationList;
			buildConfigurations = (
				869D6FE82A88F57500D0C27C /* Debug */,
				869D6FE92A88F57500D0C27C /* Release */,
			);
			defaultConfigurationIsVisible = 0;
			defaultConfigurationName = Release;
		};
		869D6FEA2A88F57500D0C27C /* Build configuration list for PBXNativeTarget "CoredataUITests" */ = {
			isa = XCConfigurationList;
			buildConfigurations = (
				869D6FEB2A88F57500D0C27C /* Debug */,
				869D6FEC2A88F57500D0C27C /* Release */,
			);
			defaultConfigurationIsVisible = 0;
			defaultConfigurationName = Release;
		};
/* End XCConfigurationList section */

/* Begin XCVersionGroup section */
		869D6FC32A88F57300D0C27C /* Coredata.xcdatamodeld */ = {
			isa = XCVersionGroup;
			children = (
				869D6FC42A88F57300D0C27C /* Coredata.xcdatamodel */,
			);
			currentVersion = 869D6FC42A88F57300D0C27C /* Coredata.xcdatamodel */;
			path = Coredata.xcdatamodeld;
			sourceTree = "<group>";
			versionGroupType = wrapper.xcdatamodel;
		};
/* End XCVersionGroup section */
	};
	rootObject = 869D6FAF2A88F57300D0C27C /* Project object */;
}
